
Microsoft Visual Studio Solution File, Format Version 12.00
# Visual Studio 15
VisualStudioVersion = 15.0.28307.168
MinimumVisualStudioVersion = 10.0.40219.1
Project("{8BC9CEB8-8B4A-11D0-8D11-00A0C91BC942}") = "ShaderCompiler", "ShaderCompiler.vcxproj", "{04B82032-C8BC-4B51-80B4-01814B357F26}"
EndProject
Global
	GlobalSection(SolutionConfigurationPlatforms) = preSolution
		Debug|Win32 = Debug|Win32
		Debug|x64 = Debug|x64
		Release|Win32 = Release|Win32
		Release|x64 = Release|x64
	EndGlobalSection
	GlobalSection(ProjectConfigurationPlatforms) = postSolution
		{04B82032-C8BC-4B51-80B4-01814B357F26}.Debug|Win32.ActiveCfg = Debug|Win32
		{04B82032-C8BC-4B51-80B4-01814B357F26}.Debug|Win32.Build.0 = Debug|Win32
		{04B82032-C8BC-4B51-80B4-01814B357F26}.Debug|x64.ActiveCfg = Debug|x64
		{04B82032-C8BC-4B51-80B4-01814B357F26}.Debug|x64.Build.0 = Debug|x64
		{04B82032-C8BC-4B51-80B4-01814B357F26}.Release|Win32.ActiveCfg = Release|Win32
		{04B82032-C8BC-4B51-80B4-01814B357F26}.Release|Win32.Build.0 = Release|Win32
		{04B82032-C8BC-4B51-80B4-01814B357F26}.Release|x64.ActiveCfg = Release|x64
		{04B82032-C8BC-4B51-80B4-01814B357F26}.Release|x64.Build.0 = Release|x64
	EndGlobalSection
	GlobalSection(SolutionProperties) = preSolution
		HideSolutionNode = FALSE
	EndGlobalSection
	GlobalSection(ExtensibilityGlobals) = postSolution
		SolutionGuid = {3A353BC8-ADD2-4AE2-987B-15CFAAD7E0A4}
	EndGlobalSection
EndGlobal
