
Microsoft Visual Studio Solution File, Format Version 11.00
# Visual Studio 2010
Project("{8BC9CEB8-8B4A-11D0-8D11-00A0C91BC942}") = "trinity", "trinity.vcxproj", "{BEB47D8C-1734-4A73-91CE-D405F5468B08}"
	ProjectSection(ProjectDependencies) = postProject
		{9593A734-26F7-485C-A48E-EFDC5C8C523E} = {9593A734-26F7-485C-A48E-EFDC5C8C523E}
		{C5D7D785-BD6D-ABC0-73C8-16FAD93552C3} = {C5D7D785-BD6D-ABC0-73C8-16FAD93552C3}
	EndProjectSection
EndProject
Project("{8BC9CEB8-8B4A-11D0-8D11-00A0C91BC942}") = "TrinityAL", "..\TrinityAL\TrinityAL.vcxproj", "{C5D7D785-BD6D-ABC0-73C8-16FAD93552C3}"
EndProject
Project("{8BC9CEB8-8B4A-11D0-8D11-00A0C91BC942}") = "ImageIO", "..\ImageIO\ImageIO.vcxproj", "{9593A734-26F7-485C-A48E-EFDC5C8C523E}"
EndProject
Global
	GlobalSection(SolutionConfigurationPlatforms) = preSolution
		Debug|Win32 = Debug|Win32
		Debug|x64 = Debug|x64
		Debug11|Win32 = Debug11|Win32
		Debug11|x64 = Debug11|x64
		Deploy|Win32 = Deploy|Win32
		Deploy|x64 = Deploy|x64
		Deploy11|Win32 = Deploy11|Win32
		Deploy11|x64 = Deploy11|x64
		Dev|Win32 = Dev|Win32
		Dev|x64 = Dev|x64
		Dev11|Win32 = Dev11|Win32
		Dev11|x64 = Dev11|x64
		Dev9_26|Win32 = Dev9_26|Win32
		Dev9_26|x64 = Dev9_26|x64
		Dev9|Win32 = Dev9|Win32
		Dev9|x64 = Dev9|x64
		DevGLES2|Win32 = DevGLES2|Win32
		DevGLES2|x64 = DevGLES2|x64
		Release_26|Win32 = Release_26|Win32
		Release_26|x64 = Release_26|x64
		Release_27|Win32 = Release_27|Win32
		Release_27|x64 = Release_27|x64
		Release|Win32 = Release|Win32
		Release|x64 = Release|x64
		Release11_26|Win32 = Release11_26|Win32
		Release11_26|x64 = Release11_26|x64
		Release11_27|Win32 = Release11_27|Win32
		Release11_27|x64 = Release11_27|x64
		Release11|Win32 = Release11|Win32
		Release11|x64 = Release11|x64
		ReleaseGLES2_26|Win32 = ReleaseGLES2_26|Win32
		ReleaseGLES2_26|x64 = ReleaseGLES2_26|x64
		ReleaseGLES2_27|Win32 = ReleaseGLES2_27|Win32
		ReleaseGLES2_27|x64 = ReleaseGLES2_27|x64
		ReleaseGLES2|Win32 = ReleaseGLES2|Win32
		ReleaseGLES2|x64 = ReleaseGLES2|x64
	EndGlobalSection
	GlobalSection(ProjectConfigurationPlatforms) = postSolution
		{BEB47D8C-1734-4A73-91CE-D405F5468B08}.Debug|Win32.ActiveCfg = Debug|Win32
		{BEB47D8C-1734-4A73-91CE-D405F5468B08}.Debug|Win32.Build.0 = Debug|Win32
		{BEB47D8C-1734-4A73-91CE-D405F5468B08}.Debug|x64.ActiveCfg = Debug|x64
		{BEB47D8C-1734-4A73-91CE-D405F5468B08}.Debug|x64.Build.0 = Debug|x64
		{BEB47D8C-1734-4A73-91CE-D405F5468B08}.Debug11|Win32.ActiveCfg = Debug11|Win32
		{BEB47D8C-1734-4A73-91CE-D405F5468B08}.Debug11|Win32.Build.0 = Debug11|Win32
		{BEB47D8C-1734-4A73-91CE-D405F5468B08}.Debug11|x64.ActiveCfg = Debug11|x64
		{BEB47D8C-1734-4A73-91CE-D405F5468B08}.Debug11|x64.Build.0 = Debug11|x64
		{BEB47D8C-1734-4A73-91CE-D405F5468B08}.Deploy|Win32.ActiveCfg = Deploy|Win32
		{BEB47D8C-1734-4A73-91CE-D405F5468B08}.Deploy|Win32.Build.0 = Deploy|Win32
		{BEB47D8C-1734-4A73-91CE-D405F5468B08}.Deploy|x64.ActiveCfg = Deploy|x64
		{BEB47D8C-1734-4A73-91CE-D405F5468B08}.Deploy|x64.Build.0 = Deploy|x64
		{BEB47D8C-1734-4A73-91CE-D405F5468B08}.Deploy11|Win32.ActiveCfg = Deploy11|Win32
		{BEB47D8C-1734-4A73-91CE-D405F5468B08}.Deploy11|Win32.Build.0 = Deploy11|Win32
		{BEB47D8C-1734-4A73-91CE-D405F5468B08}.Deploy11|x64.ActiveCfg = Deploy11|x64
		{BEB47D8C-1734-4A73-91CE-D405F5468B08}.Deploy11|x64.Build.0 = Deploy11|x64
		{BEB47D8C-1734-4A73-91CE-D405F5468B08}.Dev|Win32.ActiveCfg = DevGLES2|Win32
		{BEB47D8C-1734-4A73-91CE-D405F5468B08}.Dev|Win32.Build.0 = DevGLES2|Win32
		{BEB47D8C-1734-4A73-91CE-D405F5468B08}.Dev|x64.ActiveCfg = Dev9|x64
		{BEB47D8C-1734-4A73-91CE-D405F5468B08}.Dev|x64.Build.0 = Dev9|x64
		{BEB47D8C-1734-4A73-91CE-D405F5468B08}.Dev11|Win32.ActiveCfg = Dev11|Win32
		{BEB47D8C-1734-4A73-91CE-D405F5468B08}.Dev11|Win32.Build.0 = Dev11|Win32
		{BEB47D8C-1734-4A73-91CE-D405F5468B08}.Dev11|x64.ActiveCfg = Dev11|x64
		{BEB47D8C-1734-4A73-91CE-D405F5468B08}.Dev11|x64.Build.0 = Dev11|x64
		{BEB47D8C-1734-4A73-91CE-D405F5468B08}.Dev9_26|Win32.ActiveCfg = Dev9_26|Win32
		{BEB47D8C-1734-4A73-91CE-D405F5468B08}.Dev9_26|Win32.Build.0 = Dev9_26|Win32
		{BEB47D8C-1734-4A73-91CE-D405F5468B08}.Dev9_26|x64.ActiveCfg = Dev9_26|x64
		{BEB47D8C-1734-4A73-91CE-D405F5468B08}.Dev9_26|x64.Build.0 = Dev9_26|x64
		{BEB47D8C-1734-4A73-91CE-D405F5468B08}.Dev9|Win32.ActiveCfg = Dev9|Win32
		{BEB47D8C-1734-4A73-91CE-D405F5468B08}.Dev9|Win32.Build.0 = Dev9|Win32
		{BEB47D8C-1734-4A73-91CE-D405F5468B08}.Dev9|x64.ActiveCfg = Dev9|x64
		{BEB47D8C-1734-4A73-91CE-D405F5468B08}.Dev9|x64.Build.0 = Dev9|x64
		{BEB47D8C-1734-4A73-91CE-D405F5468B08}.DevGLES2|Win32.ActiveCfg = DevGLES2|Win32
		{BEB47D8C-1734-4A73-91CE-D405F5468B08}.DevGLES2|Win32.Build.0 = DevGLES2|Win32
		{BEB47D8C-1734-4A73-91CE-D405F5468B08}.DevGLES2|x64.ActiveCfg = DevGLES2|Win32
		{BEB47D8C-1734-4A73-91CE-D405F5468B08}.DevGLES2|x64.Build.0 = DevGLES2|Win32
		{BEB47D8C-1734-4A73-91CE-D405F5468B08}.Release_26|Win32.ActiveCfg = Release_26|Win32
		{BEB47D8C-1734-4A73-91CE-D405F5468B08}.Release_26|Win32.Build.0 = Release_26|Win32
		{BEB47D8C-1734-4A73-91CE-D405F5468B08}.Release_26|x64.ActiveCfg = Release_26|x64
		{BEB47D8C-1734-4A73-91CE-D405F5468B08}.Release_26|x64.Build.0 = Release_26|x64
		{BEB47D8C-1734-4A73-91CE-D405F5468B08}.Release_27|Win32.ActiveCfg = Release_27|Win32
		{BEB47D8C-1734-4A73-91CE-D405F5468B08}.Release_27|Win32.Build.0 = Release_27|Win32
		{BEB47D8C-1734-4A73-91CE-D405F5468B08}.Release_27|x64.ActiveCfg = Release_27|x64
		{BEB47D8C-1734-4A73-91CE-D405F5468B08}.Release_27|x64.Build.0 = Release_27|x64
		{BEB47D8C-1734-4A73-91CE-D405F5468B08}.Release|Win32.ActiveCfg = Release|Win32
		{BEB47D8C-1734-4A73-91CE-D405F5468B08}.Release|Win32.Build.0 = Release|Win32
		{BEB47D8C-1734-4A73-91CE-D405F5468B08}.Release|x64.ActiveCfg = Release|x64
		{BEB47D8C-1734-4A73-91CE-D405F5468B08}.Release|x64.Build.0 = Release|x64
		{BEB47D8C-1734-4A73-91CE-D405F5468B08}.Release11_26|Win32.ActiveCfg = Release11_26|Win32
		{BEB47D8C-1734-4A73-91CE-D405F5468B08}.Release11_26|Win32.Build.0 = Release11_26|Win32
		{BEB47D8C-1734-4A73-91CE-D405F5468B08}.Release11_26|x64.ActiveCfg = Release11_26|x64
		{BEB47D8C-1734-4A73-91CE-D405F5468B08}.Release11_26|x64.Build.0 = Release11_26|x64
		{BEB47D8C-1734-4A73-91CE-D405F5468B08}.Release11_27|Win32.ActiveCfg = Release11_27|Win32
		{BEB47D8C-1734-4A73-91CE-D405F5468B08}.Release11_27|Win32.Build.0 = Release11_27|Win32
		{BEB47D8C-1734-4A73-91CE-D405F5468B08}.Release11_27|x64.ActiveCfg = Release_27|x64
		{BEB47D8C-1734-4A73-91CE-D405F5468B08}.Release11_27|x64.Build.0 = Release_27|x64
		{BEB47D8C-1734-4A73-91CE-D405F5468B08}.Release11|Win32.ActiveCfg = Release11|Win32
		{BEB47D8C-1734-4A73-91CE-D405F5468B08}.Release11|Win32.Build.0 = Release11|Win32
		{BEB47D8C-1734-4A73-91CE-D405F5468B08}.Release11|x64.ActiveCfg = Release11|x64
		{BEB47D8C-1734-4A73-91CE-D405F5468B08}.Release11|x64.Build.0 = Release11|x64
		{BEB47D8C-1734-4A73-91CE-D405F5468B08}.ReleaseGLES2_26|Win32.ActiveCfg = ReleaseGLES2_26|Win32
		{BEB47D8C-1734-4A73-91CE-D405F5468B08}.ReleaseGLES2_26|Win32.Build.0 = ReleaseGLES2_26|Win32
		{BEB47D8C-1734-4A73-91CE-D405F5468B08}.ReleaseGLES2_26|x64.ActiveCfg = ReleaseGLES2_26|x64
		{BEB47D8C-1734-4A73-91CE-D405F5468B08}.ReleaseGLES2_26|x64.Build.0 = ReleaseGLES2_26|x64
		{BEB47D8C-1734-4A73-91CE-D405F5468B08}.ReleaseGLES2_27|Win32.ActiveCfg = ReleaseGLES2_27|Win32
		{BEB47D8C-1734-4A73-91CE-D405F5468B08}.ReleaseGLES2_27|Win32.Build.0 = ReleaseGLES2_27|Win32
		{BEB47D8C-1734-4A73-91CE-D405F5468B08}.ReleaseGLES2_27|x64.ActiveCfg = ReleaseGLES2_27|x64
		{BEB47D8C-1734-4A73-91CE-D405F5468B08}.ReleaseGLES2_27|x64.Build.0 = ReleaseGLES2_27|x64
		{BEB47D8C-1734-4A73-91CE-D405F5468B08}.ReleaseGLES2|Win32.ActiveCfg = ReleaseGLES2|Win32
		{BEB47D8C-1734-4A73-91CE-D405F5468B08}.ReleaseGLES2|Win32.Build.0 = ReleaseGLES2|Win32
		{BEB47D8C-1734-4A73-91CE-D405F5468B08}.ReleaseGLES2|x64.ActiveCfg = ReleaseGLES2|Win32
		{BEB47D8C-1734-4A73-91CE-D405F5468B08}.ReleaseGLES2|x64.Build.0 = ReleaseGLES2|Win32
		{C5D7D785-BD6D-ABC0-73C8-16FAD93552C3}.Debug|Win32.ActiveCfg = Debug_D3D9|Win32
		{C5D7D785-BD6D-ABC0-73C8-16FAD93552C3}.Debug|Win32.Build.0 = Debug_D3D9|Win32
		{C5D7D785-BD6D-ABC0-73C8-16FAD93552C3}.Debug|x64.ActiveCfg = Debug_D3D9|x64
		{C5D7D785-BD6D-ABC0-73C8-16FAD93552C3}.Debug|x64.Build.0 = Debug_D3D9|x64
		{C5D7D785-BD6D-ABC0-73C8-16FAD93552C3}.Debug11|Win32.ActiveCfg = Debug_D3D11|Win32
		{C5D7D785-BD6D-ABC0-73C8-16FAD93552C3}.Debug11|Win32.Build.0 = Debug_D3D11|Win32
		{C5D7D785-BD6D-ABC0-73C8-16FAD93552C3}.Debug11|x64.ActiveCfg = Debug_D3D11|x64
		{C5D7D785-BD6D-ABC0-73C8-16FAD93552C3}.Debug11|x64.Build.0 = Debug_D3D11|x64
		{C5D7D785-BD6D-ABC0-73C8-16FAD93552C3}.Deploy|Win32.ActiveCfg = Release_D3D9|Win32
		{C5D7D785-BD6D-ABC0-73C8-16FAD93552C3}.Deploy|Win32.Build.0 = Release_D3D9|Win32
		{C5D7D785-BD6D-ABC0-73C8-16FAD93552C3}.Deploy|x64.ActiveCfg = Release_D3D9|x64
		{C5D7D785-BD6D-ABC0-73C8-16FAD93552C3}.Deploy|x64.Build.0 = Release_D3D9|x64
		{C5D7D785-BD6D-ABC0-73C8-16FAD93552C3}.Deploy11|Win32.ActiveCfg = Release_D3D11|Win32
		{C5D7D785-BD6D-ABC0-73C8-16FAD93552C3}.Deploy11|Win32.Build.0 = Release_D3D11|Win32
		{C5D7D785-BD6D-ABC0-73C8-16FAD93552C3}.Deploy11|x64.ActiveCfg = Release_D3D11|x64
		{C5D7D785-BD6D-ABC0-73C8-16FAD93552C3}.Deploy11|x64.Build.0 = Release_D3D11|x64
		{C5D7D785-BD6D-ABC0-73C8-16FAD93552C3}.Dev|Win32.ActiveCfg = Dev_GLES2|Win32
		{C5D7D785-BD6D-ABC0-73C8-16FAD93552C3}.Dev|Win32.Build.0 = Dev_GLES2|Win32
		{C5D7D785-BD6D-ABC0-73C8-16FAD93552C3}.Dev|x64.ActiveCfg = Dev_GLES2|x64
		{C5D7D785-BD6D-ABC0-73C8-16FAD93552C3}.Dev|x64.Build.0 = Dev_GLES2|x64
		{C5D7D785-BD6D-ABC0-73C8-16FAD93552C3}.Dev11|Win32.ActiveCfg = Dev_D3D11|Win32
		{C5D7D785-BD6D-ABC0-73C8-16FAD93552C3}.Dev11|Win32.Build.0 = Dev_D3D11|Win32
		{C5D7D785-BD6D-ABC0-73C8-16FAD93552C3}.Dev11|x64.ActiveCfg = Dev_D3D11|x64
		{C5D7D785-BD6D-ABC0-73C8-16FAD93552C3}.Dev11|x64.Build.0 = Dev_D3D11|x64
		{C5D7D785-BD6D-ABC0-73C8-16FAD93552C3}.Dev9_26|Win32.ActiveCfg = Dev_D3D9|Win32
		{C5D7D785-BD6D-ABC0-73C8-16FAD93552C3}.Dev9_26|Win32.Build.0 = Dev_D3D9|Win32
		{C5D7D785-BD6D-ABC0-73C8-16FAD93552C3}.Dev9_26|x64.ActiveCfg = Dev_D3D9|x64
		{C5D7D785-BD6D-ABC0-73C8-16FAD93552C3}.Dev9_26|x64.Build.0 = Dev_D3D9|x64
		{C5D7D785-BD6D-ABC0-73C8-16FAD93552C3}.Dev9|Win32.ActiveCfg = Dev_D3D9|Win32
		{C5D7D785-BD6D-ABC0-73C8-16FAD93552C3}.Dev9|Win32.Build.0 = Dev_D3D9|Win32
		{C5D7D785-BD6D-ABC0-73C8-16FAD93552C3}.Dev9|x64.ActiveCfg = Dev_D3D9|x64
		{C5D7D785-BD6D-ABC0-73C8-16FAD93552C3}.Dev9|x64.Build.0 = Dev_D3D9|x64
		{C5D7D785-BD6D-ABC0-73C8-16FAD93552C3}.DevGLES2|Win32.ActiveCfg = Dev_GLES2|Win32
		{C5D7D785-BD6D-ABC0-73C8-16FAD93552C3}.DevGLES2|Win32.Build.0 = Dev_GLES2|Win32
		{C5D7D785-BD6D-ABC0-73C8-16FAD93552C3}.DevGLES2|x64.ActiveCfg = Dev_GLES2|x64
		{C5D7D785-BD6D-ABC0-73C8-16FAD93552C3}.DevGLES2|x64.Build.0 = Dev_GLES2|x64
		{C5D7D785-BD6D-ABC0-73C8-16FAD93552C3}.Release_26|Win32.ActiveCfg = Release_D3D9|Win32
		{C5D7D785-BD6D-ABC0-73C8-16FAD93552C3}.Release_26|Win32.Build.0 = Release_D3D9|Win32
		{C5D7D785-BD6D-ABC0-73C8-16FAD93552C3}.Release_26|x64.ActiveCfg = Release_D3D9|x64
		{C5D7D785-BD6D-ABC0-73C8-16FAD93552C3}.Release_26|x64.Build.0 = Release_D3D9|x64
		{C5D7D785-BD6D-ABC0-73C8-16FAD93552C3}.Release_27|Win32.ActiveCfg = Release_D3D9|Win32
		{C5D7D785-BD6D-ABC0-73C8-16FAD93552C3}.Release_27|Win32.Build.0 = Release_D3D9|Win32
		{C5D7D785-BD6D-ABC0-73C8-16FAD93552C3}.Release_27|x64.ActiveCfg = Release_D3D9|x64
		{C5D7D785-BD6D-ABC0-73C8-16FAD93552C3}.Release_27|x64.Build.0 = Release_D3D9|x64
		{C5D7D785-BD6D-ABC0-73C8-16FAD93552C3}.Release|Win32.ActiveCfg = Release_D3D9|Win32
		{C5D7D785-BD6D-ABC0-73C8-16FAD93552C3}.Release|Win32.Build.0 = Release_D3D9|Win32
		{C5D7D785-BD6D-ABC0-73C8-16FAD93552C3}.Release|x64.ActiveCfg = Release_D3D9|x64
		{C5D7D785-BD6D-ABC0-73C8-16FAD93552C3}.Release|x64.Build.0 = Release_D3D9|x64
		{C5D7D785-BD6D-ABC0-73C8-16FAD93552C3}.Release11_26|Win32.ActiveCfg = Release_D3D11|Win32
		{C5D7D785-BD6D-ABC0-73C8-16FAD93552C3}.Release11_26|Win32.Build.0 = Release_D3D11|Win32
		{C5D7D785-BD6D-ABC0-73C8-16FAD93552C3}.Release11_26|x64.ActiveCfg = Release_D3D11|x64
		{C5D7D785-BD6D-ABC0-73C8-16FAD93552C3}.Release11_26|x64.Build.0 = Release_D3D11|x64
		{C5D7D785-BD6D-ABC0-73C8-16FAD93552C3}.Release11_27|Win32.ActiveCfg = Release_D3D11|Win32
		{C5D7D785-BD6D-ABC0-73C8-16FAD93552C3}.Release11_27|Win32.Build.0 = Release_D3D11|Win32
		{C5D7D785-BD6D-ABC0-73C8-16FAD93552C3}.Release11_27|x64.ActiveCfg = Release_D3D9|x64
		{C5D7D785-BD6D-ABC0-73C8-16FAD93552C3}.Release11_27|x64.Build.0 = Release_D3D9|x64
		{C5D7D785-BD6D-ABC0-73C8-16FAD93552C3}.Release11|Win32.ActiveCfg = Release_D3D11|Win32
		{C5D7D785-BD6D-ABC0-73C8-16FAD93552C3}.Release11|Win32.Build.0 = Release_D3D11|Win32
		{C5D7D785-BD6D-ABC0-73C8-16FAD93552C3}.Release11|x64.ActiveCfg = Release_D3D11|x64
		{C5D7D785-BD6D-ABC0-73C8-16FAD93552C3}.Release11|x64.Build.0 = Release_D3D11|x64
		{C5D7D785-BD6D-ABC0-73C8-16FAD93552C3}.ReleaseGLES2_26|Win32.ActiveCfg = Release_GLES2|Win32
		{C5D7D785-BD6D-ABC0-73C8-16FAD93552C3}.ReleaseGLES2_26|Win32.Build.0 = Release_GLES2|Win32
		{C5D7D785-BD6D-ABC0-73C8-16FAD93552C3}.ReleaseGLES2_26|x64.ActiveCfg = Release_GLES2|x64
		{C5D7D785-BD6D-ABC0-73C8-16FAD93552C3}.ReleaseGLES2_26|x64.Build.0 = Release_GLES2|x64
		{C5D7D785-BD6D-ABC0-73C8-16FAD93552C3}.ReleaseGLES2_27|Win32.ActiveCfg = Release_GLES2|Win32
		{C5D7D785-BD6D-ABC0-73C8-16FAD93552C3}.ReleaseGLES2_27|Win32.Build.0 = Release_GLES2|Win32
		{C5D7D785-BD6D-ABC0-73C8-16FAD93552C3}.ReleaseGLES2_27|x64.ActiveCfg = Release_GLES2|x64
		{C5D7D785-BD6D-ABC0-73C8-16FAD93552C3}.ReleaseGLES2_27|x64.Build.0 = Release_GLES2|x64
		{C5D7D785-BD6D-ABC0-73C8-16FAD93552C3}.ReleaseGLES2|Win32.ActiveCfg = Release_GLES2|Win32
		{C5D7D785-BD6D-ABC0-73C8-16FAD93552C3}.ReleaseGLES2|Win32.Build.0 = Release_GLES2|Win32
		{C5D7D785-BD6D-ABC0-73C8-16FAD93552C3}.ReleaseGLES2|x64.ActiveCfg = Release_GLES2|x64
		{C5D7D785-BD6D-ABC0-73C8-16FAD93552C3}.ReleaseGLES2|x64.Build.0 = Release_GLES2|x64
		{9593A734-26F7-485C-A48E-EFDC5C8C523E}.Debug|Win32.ActiveCfg = Debug|Win32
		{9593A734-26F7-485C-A48E-EFDC5C8C523E}.Debug|Win32.Build.0 = Debug|Win32
		{9593A734-26F7-485C-A48E-EFDC5C8C523E}.Debug|x64.ActiveCfg = Debug|x64
		{9593A734-26F7-485C-A48E-EFDC5C8C523E}.Debug|x64.Build.0 = Debug|x64
		{9593A734-26F7-485C-A48E-EFDC5C8C523E}.Debug11|Win32.ActiveCfg = Debug|Win32
		{9593A734-26F7-485C-A48E-EFDC5C8C523E}.Debug11|Win32.Build.0 = Debug|Win32
		{9593A734-26F7-485C-A48E-EFDC5C8C523E}.Debug11|x64.ActiveCfg = Debug|x64
		{9593A734-26F7-485C-A48E-EFDC5C8C523E}.Debug11|x64.Build.0 = Debug|x64
		{9593A734-26F7-485C-A48E-EFDC5C8C523E}.Deploy|Win32.ActiveCfg = Release|Win32
		{9593A734-26F7-485C-A48E-EFDC5C8C523E}.Deploy|Win32.Build.0 = Release|Win32
		{9593A734-26F7-485C-A48E-EFDC5C8C523E}.Deploy|x64.ActiveCfg = Release|x64
		{9593A734-26F7-485C-A48E-EFDC5C8C523E}.Deploy|x64.Build.0 = Release|x64
		{9593A734-26F7-485C-A48E-EFDC5C8C523E}.Deploy11|Win32.ActiveCfg = Release|Win32
		{9593A734-26F7-485C-A48E-EFDC5C8C523E}.Deploy11|Win32.Build.0 = Release|Win32
		{9593A734-26F7-485C-A48E-EFDC5C8C523E}.Deploy11|x64.ActiveCfg = Release|x64
		{9593A734-26F7-485C-A48E-EFDC5C8C523E}.Deploy11|x64.Build.0 = Release|x64
		{9593A734-26F7-485C-A48E-EFDC5C8C523E}.Dev|Win32.ActiveCfg = Dev|Win32
		{9593A734-26F7-485C-A48E-EFDC5C8C523E}.Dev|Win32.Build.0 = Dev|Win32
		{9593A734-26F7-485C-A48E-EFDC5C8C523E}.Dev|x64.ActiveCfg = Dev|x64
		{9593A734-26F7-485C-A48E-EFDC5C8C523E}.Dev|x64.Build.0 = Dev|x64
		{9593A734-26F7-485C-A48E-EFDC5C8C523E}.Dev11|Win32.ActiveCfg = Dev|Win32
		{9593A734-26F7-485C-A48E-EFDC5C8C523E}.Dev11|Win32.Build.0 = Dev|Win32
		{9593A734-26F7-485C-A48E-EFDC5C8C523E}.Dev11|x64.ActiveCfg = Dev|x64
		{9593A734-26F7-485C-A48E-EFDC5C8C523E}.Dev11|x64.Build.0 = Dev|x64
		{9593A734-26F7-485C-A48E-EFDC5C8C523E}.Dev9_26|Win32.ActiveCfg = Dev|Win32
		{9593A734-26F7-485C-A48E-EFDC5C8C523E}.Dev9_26|Win32.Build.0 = Dev|Win32
		{9593A734-26F7-485C-A48E-EFDC5C8C523E}.Dev9_26|x64.ActiveCfg = Dev|x64
		{9593A734-26F7-485C-A48E-EFDC5C8C523E}.Dev9_26|x64.Build.0 = Dev|x64
		{9593A734-26F7-485C-A48E-EFDC5C8C523E}.Dev9|Win32.ActiveCfg = Dev|Win32
		{9593A734-26F7-485C-A48E-EFDC5C8C523E}.Dev9|Win32.Build.0 = Dev|Win32
		{9593A734-26F7-485C-A48E-EFDC5C8C523E}.Dev9|x64.ActiveCfg = Dev|x64
		{9593A734-26F7-485C-A48E-EFDC5C8C523E}.Dev9|x64.Build.0 = Dev|x64
		{9593A734-26F7-485C-A48E-EFDC5C8C523E}.DevGLES2|Win32.ActiveCfg = Dev|Win32
		{9593A734-26F7-485C-A48E-EFDC5C8C523E}.DevGLES2|Win32.Build.0 = Dev|Win32
		{9593A734-26F7-485C-A48E-EFDC5C8C523E}.DevGLES2|x64.ActiveCfg = Dev|x64
		{9593A734-26F7-485C-A48E-EFDC5C8C523E}.DevGLES2|x64.Build.0 = Dev|x64
		{9593A734-26F7-485C-A48E-EFDC5C8C523E}.Release_26|Win32.ActiveCfg = Release|Win32
		{9593A734-26F7-485C-A48E-EFDC5C8C523E}.Release_26|Win32.Build.0 = Release|Win32
		{9593A734-26F7-485C-A48E-EFDC5C8C523E}.Release_26|x64.ActiveCfg = Release|x64
		{9593A734-26F7-485C-A48E-EFDC5C8C523E}.Release_26|x64.Build.0 = Release|x64
		{9593A734-26F7-485C-A48E-EFDC5C8C523E}.Release_27|Win32.ActiveCfg = Release|Win32
		{9593A734-26F7-485C-A48E-EFDC5C8C523E}.Release_27|Win32.Build.0 = Release|Win32
		{9593A734-26F7-485C-A48E-EFDC5C8C523E}.Release_27|x64.ActiveCfg = Release|x64
		{9593A734-26F7-485C-A48E-EFDC5C8C523E}.Release_27|x64.Build.0 = Release|x64
		{9593A734-26F7-485C-A48E-EFDC5C8C523E}.Release|Win32.ActiveCfg = Release|Win32
		{9593A734-26F7-485C-A48E-EFDC5C8C523E}.Release|Win32.Build.0 = Release|Win32
		{9593A734-26F7-485C-A48E-EFDC5C8C523E}.Release|x64.ActiveCfg = Release|x64
		{9593A734-26F7-485C-A48E-EFDC5C8C523E}.Release|x64.Build.0 = Release|x64
		{9593A734-26F7-485C-A48E-EFDC5C8C523E}.Release11_26|Win32.ActiveCfg = Release|Win32
		{9593A734-26F7-485C-A48E-EFDC5C8C523E}.Release11_26|Win32.Build.0 = Release|Win32
		{9593A734-26F7-485C-A48E-EFDC5C8C523E}.Release11_26|x64.ActiveCfg = Release|x64
		{9593A734-26F7-485C-A48E-EFDC5C8C523E}.Release11_26|x64.Build.0 = Release|x64
		{9593A734-26F7-485C-A48E-EFDC5C8C523E}.Release11_27|Win32.ActiveCfg = Release|Win32
		{9593A734-26F7-485C-A48E-EFDC5C8C523E}.Release11_27|Win32.Build.0 = Release|Win32
		{9593A734-26F7-485C-A48E-EFDC5C8C523E}.Release11_27|x64.ActiveCfg = Release|x64
		{9593A734-26F7-485C-A48E-EFDC5C8C523E}.Release11_27|x64.Build.0 = Release|x64
		{9593A734-26F7-485C-A48E-EFDC5C8C523E}.Release11|Win32.ActiveCfg = Release|Win32
		{9593A734-26F7-485C-A48E-EFDC5C8C523E}.Release11|Win32.Build.0 = Release|Win32
		{9593A734-26F7-485C-A48E-EFDC5C8C523E}.Release11|x64.ActiveCfg = Release|x64
		{9593A734-26F7-485C-A48E-EFDC5C8C523E}.Release11|x64.Build.0 = Release|x64
		{9593A734-26F7-485C-A48E-EFDC5C8C523E}.ReleaseGLES2_26|Win32.ActiveCfg = Release|Win32
		{9593A734-26F7-485C-A48E-EFDC5C8C523E}.ReleaseGLES2_26|Win32.Build.0 = Release|Win32
		{9593A734-26F7-485C-A48E-EFDC5C8C523E}.ReleaseGLES2_26|x64.ActiveCfg = Release|x64
		{9593A734-26F7-485C-A48E-EFDC5C8C523E}.ReleaseGLES2_26|x64.Build.0 = Release|x64
		{9593A734-26F7-485C-A48E-EFDC5C8C523E}.ReleaseGLES2_27|Win32.ActiveCfg = Release|Win32
		{9593A734-26F7-485C-A48E-EFDC5C8C523E}.ReleaseGLES2_27|Win32.Build.0 = Release|Win32
		{9593A734-26F7-485C-A48E-EFDC5C8C523E}.ReleaseGLES2_27|x64.ActiveCfg = Release|x64
		{9593A734-26F7-485C-A48E-EFDC5C8C523E}.ReleaseGLES2_27|x64.Build.0 = Release|x64
		{9593A734-26F7-485C-A48E-EFDC5C8C523E}.ReleaseGLES2|Win32.ActiveCfg = Release|Win32
		{9593A734-26F7-485C-A48E-EFDC5C8C523E}.ReleaseGLES2|Win32.Build.0 = Release|Win32
		{9593A734-26F7-485C-A48E-EFDC5C8C523E}.ReleaseGLES2|x64.ActiveCfg = Release|x64
		{9593A734-26F7-485C-A48E-EFDC5C8C523E}.ReleaseGLES2|x64.Build.0 = Release|x64
	EndGlobalSection
	GlobalSection(SolutionProperties) = preSolution
		HideSolutionNode = FALSE
	EndGlobalSection
EndGlobal
