<?xml version="1.0" encoding="utf-8"?>
<Project ToolsVersion="4.0" xmlns="http://schemas.microsoft.com/developer/msbuild/2003">
  <ItemGroup>
    <Filter Include="Source Files">
      <UniqueIdentifier>{fb1c6db8-ce1c-5381-8e10-c7d6f5ab7ffb}</UniqueIdentifier>
    </Filter>
    <Filter Include="Source Files\dx11">
      <UniqueIdentifier>{f732c7f6-8432-5e77-a644-a1fa8ed858d5}</UniqueIdentifier>
    </Filter>
    <Filter Include="Source Files\dx12">
      <UniqueIdentifier>{393672f2-b99d-52a7-9ea7-b688c34b31b8}</UniqueIdentifier>
    </Filter>
    <Filter Include="Source Files\dx12\util">
      <UniqueIdentifier>{57c3a84e-aa85-5465-a994-15ef87a853a2}</UniqueIdentifier>
    </Filter>
    <Filter Include="Source Files\dx9">
      <UniqueIdentifier>{64221871-530a-5841-97e9-ea0845c601c7}</UniqueIdentifier>
    </Filter>
    <Filter Include="Source Files\gles2">
      <UniqueIdentifier>{6021797e-1e8c-5ff7-92e9-e3ac180287e5}</UniqueIdentifier>
    </Filter>
    <Filter Include="Source Files\include">
      <UniqueIdentifier>{a70d1723-fe86-5ee0-aae9-52952c197b66}</UniqueIdentifier>
    </Filter>
    <Filter Include="Source Files\src">
      <UniqueIdentifier>{6f6dacdc-2f10-5e34-9b2f-9d2dc788170a}</UniqueIdentifier>
    </Filter>
    <Filter Include="Source Files\stub">
      <UniqueIdentifier>{8041dadb-417b-5d16-8b62-8c34076ccfe9}</UniqueIdentifier>
    </Filter>
    <Filter Include="Source Files\vulkan">
      <UniqueIdentifier>{c1e794ce-6ea6-5db8-8524-eef2ee2d92f0}</UniqueIdentifier>
    </Filter>
  </ItemGroup>
  <ItemGroup>
    <ClInclude Include="ALLog.h">
      <Filter>Source Files</Filter>
    </ClInclude>
    <ClInclude Include="ALResult.h">
      <Filter>Source Files</Filter>
    </ClInclude>
    <ClInclude Include="BcDecompress.h">
      <Filter>Source Files</Filter>
    </ClInclude>
    <ClInclude Include="ITr2RenderContextEvents.h">
      <Filter>Source Files</Filter>
    </ClInclude>
    <ClInclude Include="StdAfx.h">
      <Filter>Source Files</Filter>
    </ClInclude>
    <ClInclude Include="Tr2AdapterStructures.h">
      <Filter>Source Files</Filter>
    </ClInclude>
    <ClInclude Include="Tr2DeviceResourceAL.h">
      <Filter>Source Files</Filter>
    </ClInclude>
    <ClInclude Include="Tr2DrawUPHelper.h">
      <Filter>Source Files</Filter>
    </ClInclude>
    <ClInclude Include="Tr2DriverUtilities.h">
      <Filter>Source Files</Filter>
    </ClInclude>
    <ClInclude Include="Tr2FragmentOpSettings.h">
      <Filter>Source Files</Filter>
    </ClInclude>
    <ClInclude Include="Tr2HalHelperStructures.h">
      <Filter>Source Files</Filter>
    </ClInclude>
    <ClInclude Include="Tr2LockGuard.h">
      <Filter>Source Files</Filter>
    </ClInclude>
    <ClInclude Include="Tr2MemoryCounterAL.h">
      <Filter>Source Files</Filter>
    </ClInclude>
    <ClInclude Include="Tr2ObjectFactory.h">
      <Filter>Source Files</Filter>
    </ClInclude>
    <ClInclude Include="Tr2RenderContextEnum.h">
      <Filter>Source Files</Filter>
    </ClInclude>
    <ClInclude Include="Tr2VertexDefinition.h">
      <Filter>Source Files</Filter>
    </ClInclude>
    <ClInclude Include="wglext.h">
      <Filter>Source Files</Filter>
    </ClInclude>
    <ClInclude Include="dx11\Tr2BufferALDx11.h">
      <Filter>Source Files\dx11</Filter>
    </ClInclude>
    <ClInclude Include="dx11\Tr2CapsALDx11.h">
      <Filter>Source Files\dx11</Filter>
    </ClInclude>
    <ClInclude Include="dx11\Tr2ConstantBufferALDx11.h">
      <Filter>Source Files\dx11</Filter>
    </ClInclude>
    <ClInclude Include="dx11\Tr2FenceALDx11.h">
      <Filter>Source Files\dx11</Filter>
    </ClInclude>
    <ClInclude Include="dx11\Tr2GpuTimerALDx11.h">
      <Filter>Source Files\dx11</Filter>
    </ClInclude>
    <ClInclude Include="dx11\Tr2OcclusionQueryALDx11.h">
      <Filter>Source Files\dx11</Filter>
    </ClInclude>
    <ClInclude Include="dx11\Tr2PrimaryRenderContextDx11.h">
      <Filter>Source Files\dx11</Filter>
    </ClInclude>
    <ClInclude Include="dx11\Tr2RenderContextDx11.h">
      <Filter>Source Files\dx11</Filter>
    </ClInclude>
    <ClInclude Include="dx11\Tr2RenderStateEmulationDx11.h">
      <Filter>Source Files\dx11</Filter>
    </ClInclude>
    <ClInclude Include="dx11\Tr2ResourceSetALDx11.h">
      <Filter>Source Files\dx11</Filter>
    </ClInclude>
    <ClInclude Include="dx11\Tr2SamplerStateALDx11.h">
      <Filter>Source Files\dx11</Filter>
    </ClInclude>
    <ClInclude Include="dx11\Tr2ShaderALDx11.h">
      <Filter>Source Files\dx11</Filter>
    </ClInclude>
    <ClInclude Include="dx11\Tr2ShaderProgramALDx11.h">
      <Filter>Source Files\dx11</Filter>
    </ClInclude>
    <ClInclude Include="dx11\Tr2SwapChainALDx11.h">
      <Filter>Source Files\dx11</Filter>
    </ClInclude>
    <ClInclude Include="dx11\Tr2TextureALDx11.h">
      <Filter>Source Files\dx11</Filter>
    </ClInclude>
    <ClInclude Include="dx11\Tr2VertexLayoutALDx11.h">
      <Filter>Source Files\dx11</Filter>
    </ClInclude>
    <ClInclude Include="dx11\Tr2VideoAdapterInfoALDx11.h">
      <Filter>Source Files\dx11</Filter>
    </ClInclude>
    <ClInclude Include="dx12\Tr2BufferALDx12.h">
      <Filter>Source Files\dx12</Filter>
    </ClInclude>
    <ClInclude Include="dx12\Tr2CapsALDx12.h">
      <Filter>Source Files\dx12</Filter>
    </ClInclude>
    <ClInclude Include="dx12\Tr2ConstantBufferALDx12.h">
      <Filter>Source Files\dx12</Filter>
    </ClInclude>
    <ClInclude Include="dx12\Tr2FenceALDx12.h">
      <Filter>Source Files\dx12</Filter>
    </ClInclude>
    <ClInclude Include="dx12\Tr2GpuTimerALDx12.h">
      <Filter>Source Files\dx12</Filter>
    </ClInclude>
    <ClInclude Include="dx12\Tr2OcclusionQueryALDx12.h">
      <Filter>Source Files\dx12</Filter>
    </ClInclude>
    <ClInclude Include="dx12\Tr2PrimaryRenderContextDx12.h">
      <Filter>Source Files\dx12</Filter>
    </ClInclude>
    <ClInclude Include="dx12\Tr2RenderContextDx12.h">
      <Filter>Source Files\dx12</Filter>
    </ClInclude>
    <ClInclude Include="dx12\Tr2ResourceHelper.h">
      <Filter>Source Files\dx12</Filter>
    </ClInclude>
    <ClInclude Include="dx12\Tr2ResourceSetALDx12.h">
      <Filter>Source Files\dx12</Filter>
    </ClInclude>
    <ClInclude Include="dx12\Tr2SamplerStateALDx12.h">
      <Filter>Source Files\dx12</Filter>
    </ClInclude>
    <ClInclude Include="dx12\Tr2ShaderALDx12.h">
      <Filter>Source Files\dx12</Filter>
    </ClInclude>
    <ClInclude Include="dx12\Tr2ShaderProgramALDx12.h">
      <Filter>Source Files\dx12</Filter>
    </ClInclude>
    <ClInclude Include="dx12\Tr2SwapChainALDx12.h">
      <Filter>Source Files\dx12</Filter>
    </ClInclude>
    <ClInclude Include="dx12\Tr2TextureALDx12.h">
      <Filter>Source Files\dx12</Filter>
    </ClInclude>
    <ClInclude Include="dx12\Tr2VertexLayoutALDx12.h">
      <Filter>Source Files\dx12</Filter>
    </ClInclude>
    <ClInclude Include="dx12\Tr2VideoAdapterInfoALDx12.h">
      <Filter>Source Files\dx12</Filter>
    </ClInclude>
    <ClInclude Include="dx12\Utilities.h">
      <Filter>Source Files\dx12</Filter>
    </ClInclude>
    <ClInclude Include="dx12\util\AmdExtDevice.h">
      <Filter>Source Files\dx12\util</Filter>
    </ClInclude>
    <ClInclude Include="dx12\util\DescriptorHeapViewDx12.h">
      <Filter>Source Files\dx12\util</Filter>
    </ClInclude>
    <ClInclude Include="dx12\util\DescriptorStateCacheDx12.h">
      <Filter>Source Files\dx12\util</Filter>
    </ClInclude>
    <ClInclude Include="dx12\util\FrameLocalDescriptorHeapAllocatorDx12.h">
      <Filter>Source Files\dx12\util</Filter>
    </ClInclude>
    <ClInclude Include="dx12\util\FrameLocalUploadBufferAllocatorDx12.h">
      <Filter>Source Files\dx12\util</Filter>
    </ClInclude>
    <ClInclude Include="dx12\util\FreeList.h">
      <Filter>Source Files\dx12\util</Filter>
    </ClInclude>
    <ClInclude Include="dx12\util\GlobalDescriptorHeapAllocatorDx12.h">
      <Filter>Source Files\dx12\util</Filter>
    </ClInclude>
    <ClInclude Include="dx12\util\GpuMarkerBuffer.h">
      <Filter>Source Files\dx12\util</Filter>
    </ClInclude>
    <ClInclude Include="dx12\util\PsoDescription.h">
      <Filter>Source Files\dx12\util</Filter>
    </ClInclude>
    <ClInclude Include="dx9\Tr2BufferALDx9.h">
      <Filter>Source Files\dx9</Filter>
    </ClInclude>
    <ClInclude Include="dx9\Tr2CapsALDx9.h">
      <Filter>Source Files\dx9</Filter>
    </ClInclude>
    <ClInclude Include="dx9\Tr2ConstantBufferALDx9.h">
      <Filter>Source Files\dx9</Filter>
    </ClInclude>
    <ClInclude Include="dx9\Tr2FenceALDx9.h">
      <Filter>Source Files\dx9</Filter>
    </ClInclude>
    <ClInclude Include="dx9\Tr2GpuTimerALDx9.h">
      <Filter>Source Files\dx9</Filter>
    </ClInclude>
    <ClInclude Include="dx9\Tr2OcclusionQueryALDx9.h">
      <Filter>Source Files\dx9</Filter>
    </ClInclude>
    <ClInclude Include="dx9\Tr2PrimaryRenderContextDx9.h">
      <Filter>Source Files\dx9</Filter>
    </ClInclude>
    <ClInclude Include="dx9\Tr2RenderContextDx9.h">
      <Filter>Source Files\dx9</Filter>
    </ClInclude>
    <ClInclude Include="dx9\Tr2ResourceSetALDx9.h">
      <Filter>Source Files\dx9</Filter>
    </ClInclude>
    <ClInclude Include="dx9\Tr2SamplerStateALDx9.h">
      <Filter>Source Files\dx9</Filter>
    </ClInclude>
    <ClInclude Include="dx9\Tr2ShaderALDx9.h">
      <Filter>Source Files\dx9</Filter>
    </ClInclude>
    <ClInclude Include="dx9\Tr2ShaderProgramALDx9.h">
      <Filter>Source Files\dx9</Filter>
    </ClInclude>
    <ClInclude Include="dx9\Tr2SwapChainALDx9.h">
      <Filter>Source Files\dx9</Filter>
    </ClInclude>
    <ClInclude Include="dx9\Tr2TextureALDx9.h">
      <Filter>Source Files\dx9</Filter>
    </ClInclude>
    <ClInclude Include="dx9\Tr2VertexLayoutALDx9.h">
      <Filter>Source Files\dx9</Filter>
    </ClInclude>
    <ClInclude Include="dx9\Tr2VideoAdapterInfoALDx9.h">
      <Filter>Source Files\dx9</Filter>
    </ClInclude>
    <ClInclude Include="gles2\Tr2BufferALGLES2.h">
      <Filter>Source Files\gles2</Filter>
    </ClInclude>
    <ClInclude Include="gles2\Tr2CapsALGLES2.h">
      <Filter>Source Files\gles2</Filter>
    </ClInclude>
    <ClInclude Include="gles2\Tr2ConstantBufferALGLES2.h">
      <Filter>Source Files\gles2</Filter>
    </ClInclude>
    <ClInclude Include="gles2\Tr2FenceALGLES2.h">
      <Filter>Source Files\gles2</Filter>
    </ClInclude>
    <ClInclude Include="gles2\Tr2GpuTimerALGLES2.h">
      <Filter>Source Files\gles2</Filter>
    </ClInclude>
    <ClInclude Include="gles2\Tr2OcclusionQueryALGLES2.h">
      <Filter>Source Files\gles2</Filter>
    </ClInclude>
    <ClInclude Include="gles2\Tr2PrimaryRenderContextGLES2.h">
      <Filter>Source Files\gles2</Filter>
    </ClInclude>
    <ClInclude Include="gles2\Tr2RenderContextGLES2.h">
      <Filter>Source Files\gles2</Filter>
    </ClInclude>
    <ClInclude Include="gles2\Tr2ResourceSetALGLES2.h">
      <Filter>Source Files\gles2</Filter>
    </ClInclude>
    <ClInclude Include="gles2\Tr2SamplerStateALGLES2.h">
      <Filter>Source Files\gles2</Filter>
    </ClInclude>
    <ClInclude Include="gles2\Tr2ShaderALGLES2.h">
      <Filter>Source Files\gles2</Filter>
    </ClInclude>
    <ClInclude Include="gles2\Tr2ShaderProgramALGLES2.h">
      <Filter>Source Files\gles2</Filter>
    </ClInclude>
    <ClInclude Include="gles2\Tr2SwapChainALGLES2.h">
      <Filter>Source Files\gles2</Filter>
    </ClInclude>
    <ClInclude Include="gles2\Tr2TextureALGLES2.h">
      <Filter>Source Files\gles2</Filter>
    </ClInclude>
    <ClInclude Include="gles2\Tr2VertexLayoutALGLES2.h">
      <Filter>Source Files\gles2</Filter>
    </ClInclude>
    <ClInclude Include="gles2\Tr2VideoAdapterInfoALGLES2.h">
      <Filter>Source Files\gles2</Filter>
    </ClInclude>
    <ClInclude Include="include\Tr2BitmapDimensions.h">
      <Filter>Source Files\include</Filter>
    </ClInclude>
    <ClInclude Include="include\Tr2BufferAL.h">
      <Filter>Source Files\include</Filter>
    </ClInclude>
    <ClInclude Include="include\Tr2CapsAL.h">
      <Filter>Source Files\include</Filter>
    </ClInclude>
    <ClInclude Include="include\Tr2ConstantBufferAL.h">
      <Filter>Source Files\include</Filter>
    </ClInclude>
    <ClInclude Include="include\Tr2CubemapFace.h">
      <Filter>Source Files\include</Filter>
    </ClInclude>
    <ClInclude Include="include\Tr2FenceAL.h">
      <Filter>Source Files\include</Filter>
    </ClInclude>
    <ClInclude Include="include\Tr2GpuTimerAL.h">
      <Filter>Source Files\include</Filter>
    </ClInclude>
    <ClInclude Include="include\Tr2OcclusionQueryAL.h">
      <Filter>Source Files\include</Filter>
    </ClInclude>
    <ClInclude Include="include\Tr2PixelFormat.h">
      <Filter>Source Files\include</Filter>
    </ClInclude>
    <ClInclude Include="include\Tr2PrimaryRenderContextAL.h">
      <Filter>Source Files\include</Filter>
    </ClInclude>
    <ClInclude Include="include\Tr2RenderContextAL.h">
      <Filter>Source Files\include</Filter>
    </ClInclude>
    <ClInclude Include="include\Tr2ResourceSetAL.h">
      <Filter>Source Files\include</Filter>
    </ClInclude>
    <ClInclude Include="include\Tr2SamplerStateAL.h">
      <Filter>Source Files\include</Filter>
    </ClInclude>
    <ClInclude Include="include\Tr2ShaderAL.h">
      <Filter>Source Files\include</Filter>
    </ClInclude>
    <ClInclude Include="include\Tr2ShaderProgramAL.h">
      <Filter>Source Files\include</Filter>
    </ClInclude>
    <ClInclude Include="include\Tr2SwapChainAL.h">
      <Filter>Source Files\include</Filter>
    </ClInclude>
    <ClInclude Include="include\Tr2TextureAL.h">
      <Filter>Source Files\include</Filter>
    </ClInclude>
    <ClInclude Include="include\Tr2TextureType.h">
      <Filter>Source Files\include</Filter>
    </ClInclude>
    <ClInclude Include="include\Tr2VertexLayoutAL.h">
      <Filter>Source Files\include</Filter>
    </ClInclude>
    <ClInclude Include="include\Tr2VideoAdapterInfoAL.h">
      <Filter>Source Files\include</Filter>
    </ClInclude>
    <ClInclude Include="include\TrinityAL.h">
      <Filter>Source Files\include</Filter>
    </ClInclude>
    <ClInclude Include="include\TrinityALForward.h">
      <Filter>Source Files\include</Filter>
    </ClInclude>
    <ClInclude Include="stub\Tr2BufferALStub.h">
      <Filter>Source Files\stub</Filter>
    </ClInclude>
    <ClInclude Include="stub\Tr2CapsALStub.h">
      <Filter>Source Files\stub</Filter>
    </ClInclude>
    <ClInclude Include="stub\Tr2ConstantBufferALStub.h">
      <Filter>Source Files\stub</Filter>
    </ClInclude>
    <ClInclude Include="stub\Tr2FenceALStub.h">
      <Filter>Source Files\stub</Filter>
    </ClInclude>
    <ClInclude Include="stub\Tr2GpuTimerALStub.h">
      <Filter>Source Files\stub</Filter>
    </ClInclude>
    <ClInclude Include="stub\Tr2OcclusionQueryALStub.h">
      <Filter>Source Files\stub</Filter>
    </ClInclude>
    <ClInclude Include="stub\Tr2PrimaryRenderContextStub.h">
      <Filter>Source Files\stub</Filter>
    </ClInclude>
    <ClInclude Include="stub\Tr2RenderContextStub.h">
      <Filter>Source Files\stub</Filter>
    </ClInclude>
    <ClInclude Include="stub\Tr2ResourceSetALStub.h">
      <Filter>Source Files\stub</Filter>
    </ClInclude>
    <ClInclude Include="stub\Tr2SamplerStateALStub.h">
      <Filter>Source Files\stub</Filter>
    </ClInclude>
    <ClInclude Include="stub\Tr2ShaderALStub.h">
      <Filter>Source Files\stub</Filter>
    </ClInclude>
    <ClInclude Include="stub\Tr2ShaderProgramALStub.h">
      <Filter>Source Files\stub</Filter>
    </ClInclude>
    <ClInclude Include="stub\Tr2SwapChainALStub.h">
      <Filter>Source Files\stub</Filter>
    </ClInclude>
    <ClInclude Include="stub\Tr2TextureALStub.h">
      <Filter>Source Files\stub</Filter>
    </ClInclude>
    <ClInclude Include="stub\Tr2VertexLayoutALStub.h">
      <Filter>Source Files\stub</Filter>
    </ClInclude>
    <ClInclude Include="stub\Tr2VideoAdapterInfoALStub.h">
      <Filter>Source Files\stub</Filter>
    </ClInclude>
    <ClInclude Include="vulkan\Tr2BufferALVulkan.h">
      <Filter>Source Files\vulkan</Filter>
    </ClInclude>
    <ClInclude Include="vulkan\Tr2CapsALVulkan.h">
      <Filter>Source Files\vulkan</Filter>
    </ClInclude>
    <ClInclude Include="vulkan\Tr2ConstantBufferALVulkan.h">
      <Filter>Source Files\vulkan</Filter>
    </ClInclude>
    <ClInclude Include="vulkan\Tr2FenceALVulkan.h">
      <Filter>Source Files\vulkan</Filter>
    </ClInclude>
    <ClInclude Include="vulkan\Tr2GpuTimerALVulkan.h">
      <Filter>Source Files\vulkan</Filter>
    </ClInclude>
    <ClInclude Include="vulkan\Tr2OcclusionQueryALVulkan.h">
      <Filter>Source Files\vulkan</Filter>
    </ClInclude>
    <ClInclude Include="vulkan\Tr2PrimaryRenderContextVulkan.h">
      <Filter>Source Files\vulkan</Filter>
    </ClInclude>
    <ClInclude Include="vulkan\Tr2RenderContextVulkan.h">
      <Filter>Source Files\vulkan</Filter>
    </ClInclude>
    <ClInclude Include="vulkan\Tr2ResourceSetALVulkan.h">
      <Filter>Source Files\vulkan</Filter>
    </ClInclude>
    <ClInclude Include="vulkan\Tr2SamplerStateALVulkan.h">
      <Filter>Source Files\vulkan</Filter>
    </ClInclude>
    <ClInclude Include="vulkan\Tr2ShaderALVulkan.h">
      <Filter>Source Files\vulkan</Filter>
    </ClInclude>
    <ClInclude Include="vulkan\Tr2ShaderProgramALVulkan.h">
      <Filter>Source Files\vulkan</Filter>
    </ClInclude>
    <ClInclude Include="vulkan\Tr2SwapChainALVulkan.h">
      <Filter>Source Files\vulkan</Filter>
    </ClInclude>
    <ClInclude Include="vulkan\Tr2TextureALVulkan.h">
      <Filter>Source Files\vulkan</Filter>
    </ClInclude>
    <ClInclude Include="vulkan\Tr2VertexLayoutALVulkan.h">
      <Filter>Source Files\vulkan</Filter>
    </ClInclude>
    <ClInclude Include="vulkan\Tr2VideoAdapterInfoALVulkan.h">
      <Filter>Source Files\vulkan</Filter>
    </ClInclude>
    <ClInclude Include="vulkan\UtilitiesVulkan.h">
      <Filter>Source Files\vulkan</Filter>
    </ClInclude>
    <ClInclude Include="vulkan\VkResult.h">
      <Filter>Source Files\vulkan</Filter>
    </ClInclude>
    <ClCompile Include="ALResult.cpp">
      <Filter>Source Files</Filter>
    </ClCompile>
    <ClCompile Include="BcDecompress.cpp">
      <Filter>Source Files</Filter>
    </ClCompile>
    <ClCompile Include="StdAfx.cpp">
      <Filter>Source Files</Filter>
    </ClCompile>
    <ClCompile Include="Tr2DeviceResourceAL.cpp">
      <Filter>Source Files</Filter>
    </ClCompile>
    <ClCompile Include="Tr2DrawUPHelper.cpp">
      <Filter>Source Files</Filter>
    </ClCompile>
    <ClCompile Include="Tr2DriverUtilities.cpp">
      <Filter>Source Files</Filter>
    </ClCompile>
    <ClCompile Include="Tr2FragmentOpSettings.cpp">
      <Filter>Source Files</Filter>
    </ClCompile>
    <ClCompile Include="Tr2HalHelperStructures.cpp">
      <Filter>Source Files</Filter>
    </ClCompile>
    <ClCompile Include="Tr2LockGuard.cpp">
      <Filter>Source Files</Filter>
    </ClCompile>
    <ClCompile Include="Tr2MemoryCounterAL.cpp">
      <Filter>Source Files</Filter>
    </ClCompile>
    <ClCompile Include="Tr2RenderContextEnum.cpp">
      <Filter>Source Files</Filter>
    </ClCompile>
    <ClCompile Include="Tr2VertexDefinition.cpp">
      <Filter>Source Files</Filter>
    </ClCompile>
    <ClCompile Include="dx11\Tr2BufferALDx11.cpp">
      <Filter>Source Files\dx11</Filter>
    </ClCompile>
    <ClCompile Include="dx11\Tr2CapsALDx11.cpp">
      <Filter>Source Files\dx11</Filter>
    </ClCompile>
    <ClCompile Include="dx11\Tr2ConstantBufferALDx11.cpp">
      <Filter>Source Files\dx11</Filter>
    </ClCompile>
    <ClCompile Include="dx11\Tr2FenceALDx11.cpp">
      <Filter>Source Files\dx11</Filter>
    </ClCompile>
    <ClCompile Include="dx11\Tr2GpuTimerALDx11.cpp">
      <Filter>Source Files\dx11</Filter>
    </ClCompile>
    <ClCompile Include="dx11\Tr2OcclusionQueryALDx11.cpp">
      <Filter>Source Files\dx11</Filter>
    </ClCompile>
    <ClCompile Include="dx11\Tr2PrimaryRenderContextDx11.cpp">
      <Filter>Source Files\dx11</Filter>
    </ClCompile>
    <ClCompile Include="dx11\Tr2RenderContextDx11.cpp">
      <Filter>Source Files\dx11</Filter>
    </ClCompile>
    <ClCompile Include="dx11\Tr2RenderStateEmulationDx11.cpp">
      <Filter>Source Files\dx11</Filter>
    </ClCompile>
    <ClCompile Include="dx11\Tr2ResourceSetALDx11.cpp">
      <Filter>Source Files\dx11</Filter>
    </ClCompile>
    <ClCompile Include="dx11\Tr2SamplerStateALDx11.cpp">
      <Filter>Source Files\dx11</Filter>
    </ClCompile>
    <ClCompile Include="dx11\Tr2ShaderALDx11.cpp">
      <Filter>Source Files\dx11</Filter>
    </ClCompile>
    <ClCompile Include="dx11\Tr2ShaderProgramALDx11.cpp">
      <Filter>Source Files\dx11</Filter>
    </ClCompile>
    <ClCompile Include="dx11\Tr2SwapChainALDx11.cpp">
      <Filter>Source Files\dx11</Filter>
    </ClCompile>
    <ClCompile Include="dx11\Tr2TextureALDx11.cpp">
      <Filter>Source Files\dx11</Filter>
    </ClCompile>
    <ClCompile Include="dx11\Tr2VertexLayoutALDx11.cpp">
      <Filter>Source Files\dx11</Filter>
    </ClCompile>
    <ClCompile Include="dx11\Tr2VideoAdapterInfoALDx11.cpp">
      <Filter>Source Files\dx11</Filter>
    </ClCompile>
    <ClCompile Include="dx12\Tr2BufferALDx12.cpp">
      <Filter>Source Files\dx12</Filter>
    </ClCompile>
    <ClCompile Include="dx12\Tr2ConstantBufferALDx12.cpp">
      <Filter>Source Files\dx12</Filter>
    </ClCompile>
    <ClCompile Include="dx12\Tr2FenceALDx12.cpp">
      <Filter>Source Files\dx12</Filter>
    </ClCompile>
    <ClCompile Include="dx12\Tr2GpuTimerALDx12.cpp">
      <Filter>Source Files\dx12</Filter>
    </ClCompile>
    <ClCompile Include="dx12\Tr2OcclusionQueryALDx12.cpp">
      <Filter>Source Files\dx12</Filter>
    </ClCompile>
    <ClCompile Include="dx12\Tr2PrimaryRenderContextDx12.cpp">
      <Filter>Source Files\dx12</Filter>
    </ClCompile>
    <ClCompile Include="dx12\Tr2RenderContextDx12.cpp">
      <Filter>Source Files\dx12</Filter>
    </ClCompile>
    <ClCompile Include="dx12\Tr2ResourceHelper.cpp">
      <Filter>Source Files\dx12</Filter>
    </ClCompile>
    <ClCompile Include="dx12\Tr2ResourceSetALDx12.cpp">
      <Filter>Source Files\dx12</Filter>
    </ClCompile>
    <ClCompile Include="dx12\Tr2SamplerStateALDx12.cpp">
      <Filter>Source Files\dx12</Filter>
    </ClCompile>
    <ClCompile Include="dx12\Tr2ShaderALDx12.cpp">
      <Filter>Source Files\dx12</Filter>
    </ClCompile>
    <ClCompile Include="dx12\Tr2ShaderProgramALDx12.cpp">
      <Filter>Source Files\dx12</Filter>
    </ClCompile>
    <ClCompile Include="dx12\Tr2SwapChainALDx12.cpp">
      <Filter>Source Files\dx12</Filter>
    </ClCompile>
    <ClCompile Include="dx12\Tr2TextureALDx12.cpp">
      <Filter>Source Files\dx12</Filter>
    </ClCompile>
    <ClCompile Include="dx12\Tr2VertexLayoutALDx12.cpp">
      <Filter>Source Files\dx12</Filter>
    </ClCompile>
    <ClCompile Include="dx12\Tr2VideoAdapterInfoALDx12.cpp">
      <Filter>Source Files\dx12</Filter>
    </ClCompile>
    <ClCompile Include="dx12\Utilities.cpp">
      <Filter>Source Files\dx12</Filter>
    </ClCompile>
    <ClCompile Include="dx12\util\DescriptorHeapViewDx12.cpp">
      <Filter>Source Files\dx12\util</Filter>
    </ClCompile>
    <ClCompile Include="dx12\util\DescriptorStateCacheDx12.cpp">
      <Filter>Source Files\dx12\util</Filter>
    </ClCompile>
    <ClCompile Include="dx12\util\FrameLocalDescriptorHeapAllocatorDx12.cpp">
      <Filter>Source Files\dx12\util</Filter>
    </ClCompile>
    <ClCompile Include="dx12\util\FrameLocalUploadBufferAllocatorDx12.cpp">
      <Filter>Source Files\dx12\util</Filter>
    </ClCompile>
    <ClCompile Include="dx12\util\GlobalDescriptorHeapAllocatorDx12.cpp">
      <Filter>Source Files\dx12\util</Filter>
    </ClCompile>
    <ClCompile Include="dx12\util\GpuMarkerBuffer.cpp">
      <Filter>Source Files\dx12\util</Filter>
    </ClCompile>
    <ClCompile Include="dx12\util\PsoDescription.cpp">
      <Filter>Source Files\dx12\util</Filter>
    </ClCompile>
    <ClCompile Include="dx9\Tr2BufferALDx9.cpp">
      <Filter>Source Files\dx9</Filter>
    </ClCompile>
    <ClCompile Include="dx9\Tr2CapsALDx9.cpp">
      <Filter>Source Files\dx9</Filter>
    </ClCompile>
    <ClCompile Include="dx9\Tr2ConstantBufferALDx9.cpp">
      <Filter>Source Files\dx9</Filter>
    </ClCompile>
    <ClCompile Include="dx9\Tr2FenceALDx9.cpp">
      <Filter>Source Files\dx9</Filter>
    </ClCompile>
    <ClCompile Include="dx9\Tr2GpuTimerALDx9.cpp">
      <Filter>Source Files\dx9</Filter>
    </ClCompile>
    <ClCompile Include="dx9\Tr2OcclusionQueryALDx9.cpp">
      <Filter>Source Files\dx9</Filter>
    </ClCompile>
    <ClCompile Include="dx9\Tr2RenderContextDx9.cpp">
      <Filter>Source Files\dx9</Filter>
    </ClCompile>
    <ClCompile Include="dx9\Tr2ResourceSetALDx9.cpp">
      <Filter>Source Files\dx9</Filter>
    </ClCompile>
    <ClCompile Include="dx9\Tr2SamplerStateALDx9.cpp">
      <Filter>Source Files\dx9</Filter>
    </ClCompile>
    <ClCompile Include="dx9\Tr2ShaderALDx9.cpp">
      <Filter>Source Files\dx9</Filter>
    </ClCompile>
    <ClCompile Include="dx9\Tr2ShaderProgramALDx9.cpp">
      <Filter>Source Files\dx9</Filter>
    </ClCompile>
    <ClCompile Include="dx9\Tr2SwapChainALDx9.cpp">
      <Filter>Source Files\dx9</Filter>
    </ClCompile>
    <ClCompile Include="dx9\Tr2TextureALDx9.cpp">
      <Filter>Source Files\dx9</Filter>
    </ClCompile>
    <ClCompile Include="dx9\Tr2VertexLayoutALDx9.cpp">
      <Filter>Source Files\dx9</Filter>
    </ClCompile>
    <ClCompile Include="dx9\Tr2VideoAdapterInfoALDx9.cpp">
      <Filter>Source Files\dx9</Filter>
    </ClCompile>
    <ClCompile Include="gles2\Tr2BufferALGLES2.cpp">
      <Filter>Source Files\gles2</Filter>
    </ClCompile>
    <ClCompile Include="gles2\Tr2CapsALGLES2.cpp">
      <Filter>Source Files\gles2</Filter>
    </ClCompile>
    <ClCompile Include="gles2\Tr2ConstantBufferALGLES2.cpp">
      <Filter>Source Files\gles2</Filter>
    </ClCompile>
    <ClCompile Include="gles2\Tr2FenceALGLES2.cpp">
      <Filter>Source Files\gles2</Filter>
    </ClCompile>
    <ClCompile Include="gles2\Tr2GpuTimerALGLES2.cpp">
      <Filter>Source Files\gles2</Filter>
    </ClCompile>
    <ClCompile Include="gles2\Tr2OcclusionQueryALGLES2.cpp">
      <Filter>Source Files\gles2</Filter>
    </ClCompile>
    <ClCompile Include="gles2\Tr2RenderContextGLES2.cpp">
      <Filter>Source Files\gles2</Filter>
    </ClCompile>
    <ClCompile Include="gles2\Tr2ResourceSetALGLES2.cpp">
      <Filter>Source Files\gles2</Filter>
    </ClCompile>
    <ClCompile Include="gles2\Tr2SamplerStateALGLES2.cpp">
      <Filter>Source Files\gles2</Filter>
    </ClCompile>
    <ClCompile Include="gles2\Tr2ShaderALGLES2.cpp">
      <Filter>Source Files\gles2</Filter>
    </ClCompile>
    <ClCompile Include="gles2\Tr2ShaderProgramALGLES2.cpp">
      <Filter>Source Files\gles2</Filter>
    </ClCompile>
    <ClCompile Include="gles2\Tr2SwapChainALGLES2.cpp">
      <Filter>Source Files\gles2</Filter>
    </ClCompile>
    <ClCompile Include="gles2\Tr2TextureALGLES2.cpp">
      <Filter>Source Files\gles2</Filter>
    </ClCompile>
    <ClCompile Include="gles2\Tr2VertexLayoutALGLES2.cpp">
      <Filter>Source Files\gles2</Filter>
    </ClCompile>
    <ClCompile Include="gles2\Tr2VideoAdapterInfoALGLES2.cpp">
      <Filter>Source Files\gles2</Filter>
    </ClCompile>
    <ClCompile Include="src\Tr2BufferAL.cpp">
      <Filter>Source Files\src</Filter>
    </ClCompile>
    <ClCompile Include="src\Tr2ConstantBufferAL.cpp">
      <Filter>Source Files\src</Filter>
    </ClCompile>
    <ClCompile Include="src\Tr2FenceAL.cpp">
      <Filter>Source Files\src</Filter>
    </ClCompile>
    <ClCompile Include="src\Tr2GpuTimerAl.cpp">
      <Filter>Source Files\src</Filter>
    </ClCompile>
    <ClCompile Include="src\Tr2OcclusionQueryAL.cpp">
      <Filter>Source Files\src</Filter>
    </ClCompile>
    <ClCompile Include="src\Tr2ResourceSetAL.cpp">
      <Filter>Source Files\src</Filter>
    </ClCompile>
    <ClCompile Include="src\Tr2SamplerStateAL.cpp">
      <Filter>Source Files\src</Filter>
    </ClCompile>
    <ClCompile Include="src\Tr2ShaderAL.cpp">
      <Filter>Source Files\src</Filter>
    </ClCompile>
    <ClCompile Include="src\Tr2ShaderProgramAL.cpp">
      <Filter>Source Files\src</Filter>
    </ClCompile>
    <ClCompile Include="src\Tr2SwapChainAL.cpp">
      <Filter>Source Files\src</Filter>
    </ClCompile>
    <ClCompile Include="src\Tr2TextureAL.cpp">
      <Filter>Source Files\src</Filter>
    </ClCompile>
    <ClCompile Include="src\Tr2VertexLayoutAL.cpp">
      <Filter>Source Files\src</Filter>
    </ClCompile>
    <ClCompile Include="stub\Tr2BufferALStub.cpp">
      <Filter>Source Files\stub</Filter>
    </ClCompile>
    <ClCompile Include="stub\Tr2CapsALStub.cpp">
      <Filter>Source Files\stub</Filter>
    </ClCompile>
    <ClCompile Include="stub\Tr2ConstantBufferALStub.cpp">
      <Filter>Source Files\stub</Filter>
    </ClCompile>
    <ClCompile Include="stub\Tr2FenceALStub.cpp">
      <Filter>Source Files\stub</Filter>
    </ClCompile>
    <ClCompile Include="stub\Tr2GpuTimerALStub.cpp">
      <Filter>Source Files\stub</Filter>
    </ClCompile>
    <ClCompile Include="stub\Tr2OcclusionQueryALStub.cpp">
      <Filter>Source Files\stub</Filter>
    </ClCompile>
    <ClCompile Include="stub\Tr2RenderContextStub.cpp">
      <Filter>Source Files\stub</Filter>
    </ClCompile>
    <ClCompile Include="stub\Tr2ResourceSetALStub.cpp">
      <Filter>Source Files\stub</Filter>
    </ClCompile>
    <ClCompile Include="stub\Tr2SamplerStateALStub.cpp">
      <Filter>Source Files\stub</Filter>
    </ClCompile>
    <ClCompile Include="stub\Tr2ShaderALStub.cpp">
      <Filter>Source Files\stub</Filter>
    </ClCompile>
    <ClCompile Include="stub\Tr2ShaderProgramALStub.cpp">
      <Filter>Source Files\stub</Filter>
    </ClCompile>
    <ClCompile Include="stub\Tr2SwapChainALStub.cpp">
      <Filter>Source Files\stub</Filter>
    </ClCompile>
    <ClCompile Include="stub\Tr2TextureALStub.cpp">
      <Filter>Source Files\stub</Filter>
    </ClCompile>
    <ClCompile Include="stub\Tr2VertexLayoutALStub.cpp">
      <Filter>Source Files\stub</Filter>
    </ClCompile>
    <ClCompile Include="stub\Tr2VideoAdapterInfoALStub.cpp">
      <Filter>Source Files\stub</Filter>
    </ClCompile>
    <ClCompile Include="vulkan\Tr2BufferALVulkan.cpp">
      <Filter>Source Files\vulkan</Filter>
    </ClCompile>
    <ClCompile Include="vulkan\Tr2ConstantBufferALVulkan.cpp">
      <Filter>Source Files\vulkan</Filter>
    </ClCompile>
    <ClCompile Include="vulkan\Tr2PrimaryRenderContextVulkan.cpp">
      <Filter>Source Files\vulkan</Filter>
    </ClCompile>
    <ClCompile Include="vulkan\Tr2RenderContextVulkan.cpp">
      <Filter>Source Files\vulkan</Filter>
    </ClCompile>
    <ClCompile Include="vulkan\Tr2ResourceSetALVulkan.cpp">
      <Filter>Source Files\vulkan</Filter>
    </ClCompile>
    <ClCompile Include="vulkan\Tr2SamplerStateALVulkan.cpp">
      <Filter>Source Files\vulkan</Filter>
    </ClCompile>
    <ClCompile Include="vulkan\Tr2ShaderALVulkan.cpp">
      <Filter>Source Files\vulkan</Filter>
    </ClCompile>
    <ClCompile Include="vulkan\Tr2ShaderProgramALVulkan.cpp">
      <Filter>Source Files\vulkan</Filter>
    </ClCompile>
    <ClCompile Include="vulkan\Tr2TextureALVulkan.cpp">
      <Filter>Source Files\vulkan</Filter>
    </ClCompile>
    <ClCompile Include="vulkan\Tr2VertexLayoutALVulkan.cpp">
      <Filter>Source Files\vulkan</Filter>
    </ClCompile>
    <ClCompile Include="vulkan\Tr2VideoAdapterInfoALVulkan.cpp">
      <Filter>Source Files\vulkan</Filter>
    </ClCompile>
    <ClCompile Include="vulkan\UtilitiesVulkan.cpp">
      <Filter>Source Files\vulkan</Filter>
    </ClCompile>
  </ItemGroup>
</Project>
