
Microsoft Visual Studio Solution File, Format Version 12.00
# Visual Studio 14
VisualStudioVersion = 14.0.25420.1
MinimumVisualStudioVersion = 10.0.40219.1
Project("{8BC9CEB8-8B4A-11D0-8D11-00A0C91BC942}") = "TrinityALTest", "TrinityALTest.vcxproj", "{504BC561-AF34-424A-82B7-D381566FA473}"
	ProjectSection(ProjectDependencies) = postProject
		{0556322D-6639-4545-5650-F93498443165} = {0556322D-6639-4545-5650-F93498443165}
	EndProjectSection
EndProject
Project("{8BC9CEB8-8B4A-11D0-8D11-00A0C91BC942}") = "TrinityAL", "..\TrinityAL\TrinityAL.vcxproj", "{0556322D-6639-4545-5650-F93498443165}"
EndProject
Global
	GlobalSection(SolutionConfigurationPlatforms) = preSolution
		Dev_D3D11|Win32 = Dev_D3D11|Win32
		Dev_D3D11|x64 = Dev_D3D11|x64
		Dev_D3D9|Win32 = Dev_D3D9|Win32
		Dev_D3D9|x64 = Dev_D3D9|x64
		Dev_GLES2|Win32 = Dev_GLES2|Win32
		Dev_GLES2|x64 = Dev_GLES2|x64
		Dev_STUB|Win32 = Dev_STUB|Win32
		Dev_STUB|x64 = Dev_STUB|x64
		Release_D3D11|Win32 = Release_D3D11|Win32
		Release_D3D11|x64 = Release_D3D11|x64
		Release_D3D9|Win32 = Release_D3D9|Win32
		Release_D3D9|x64 = Release_D3D9|x64
		Release_GLES2|Win32 = Release_GLES2|Win32
		Release_GLES2|x64 = Release_GLES2|x64
	EndGlobalSection
	GlobalSection(ProjectConfigurationPlatforms) = postSolution
		{504BC561-AF34-424A-82B7-D381566FA473}.Dev_D3D11|Win32.ActiveCfg = Dev_DX11|Win32
		{504BC561-AF34-424A-82B7-D381566FA473}.Dev_D3D11|Win32.Build.0 = Dev_DX11|Win32
		{504BC561-AF34-424A-82B7-D381566FA473}.Dev_D3D11|x64.ActiveCfg = Dev_DX11|x64
		{504BC561-AF34-424A-82B7-D381566FA473}.Dev_D3D11|x64.Build.0 = Dev_DX11|x64
		{504BC561-AF34-424A-82B7-D381566FA473}.Dev_D3D9|Win32.ActiveCfg = Dev_DX9|Win32
		{504BC561-AF34-424A-82B7-D381566FA473}.Dev_D3D9|Win32.Build.0 = Dev_DX9|Win32
		{504BC561-AF34-424A-82B7-D381566FA473}.Dev_D3D9|x64.ActiveCfg = Dev_DX9|x64
		{504BC561-AF34-424A-82B7-D381566FA473}.Dev_D3D9|x64.Build.0 = Dev_DX9|x64
		{504BC561-AF34-424A-82B7-D381566FA473}.Dev_GLES2|Win32.ActiveCfg = Dev_GLES2|Win32
		{504BC561-AF34-424A-82B7-D381566FA473}.Dev_GLES2|Win32.Build.0 = Dev_GLES2|Win32
		{504BC561-AF34-424A-82B7-D381566FA473}.Dev_GLES2|x64.ActiveCfg = Dev_GLES2|x64
		{504BC561-AF34-424A-82B7-D381566FA473}.Dev_GLES2|x64.Build.0 = Dev_GLES2|x64
		{504BC561-AF34-424A-82B7-D381566FA473}.Dev_STUB|Win32.ActiveCfg = Dev_STUB|Win32
		{504BC561-AF34-424A-82B7-D381566FA473}.Dev_STUB|Win32.Build.0 = Dev_STUB|Win32
		{504BC561-AF34-424A-82B7-D381566FA473}.Dev_STUB|x64.ActiveCfg = Dev_STUB|x64
		{504BC561-AF34-424A-82B7-D381566FA473}.Dev_STUB|x64.Build.0 = Dev_STUB|x64
		{504BC561-AF34-424A-82B7-D381566FA473}.Release_D3D11|Win32.ActiveCfg = Release_DX11|Win32
		{504BC561-AF34-424A-82B7-D381566FA473}.Release_D3D11|Win32.Build.0 = Release_DX11|Win32
		{504BC561-AF34-424A-82B7-D381566FA473}.Release_D3D11|x64.ActiveCfg = Release_DX11|x64
		{504BC561-AF34-424A-82B7-D381566FA473}.Release_D3D11|x64.Build.0 = Release_DX11|x64
		{504BC561-AF34-424A-82B7-D381566FA473}.Release_D3D9|Win32.ActiveCfg = Release_DX9|Win32
		{504BC561-AF34-424A-82B7-D381566FA473}.Release_D3D9|Win32.Build.0 = Release_DX9|Win32
		{504BC561-AF34-424A-82B7-D381566FA473}.Release_D3D9|x64.ActiveCfg = Release_DX9|x64
		{504BC561-AF34-424A-82B7-D381566FA473}.Release_D3D9|x64.Build.0 = Release_DX9|x64
		{504BC561-AF34-424A-82B7-D381566FA473}.Release_GLES2|Win32.ActiveCfg = Release_GLES2|Win32
		{504BC561-AF34-424A-82B7-D381566FA473}.Release_GLES2|Win32.Build.0 = Release_GLES2|Win32
		{504BC561-AF34-424A-82B7-D381566FA473}.Release_GLES2|x64.ActiveCfg = Release_GLES2|x64
		{504BC561-AF34-424A-82B7-D381566FA473}.Release_GLES2|x64.Build.0 = Release_GLES2|x64
		{0556322D-6639-4545-5650-F93498443165}.Dev_D3D11|Win32.ActiveCfg = Dev_D3D11|Win32
		{0556322D-6639-4545-5650-F93498443165}.Dev_D3D11|Win32.Build.0 = Dev_D3D11|Win32
		{0556322D-6639-4545-5650-F93498443165}.Dev_D3D11|x64.ActiveCfg = Dev_D3D11|x64
		{0556322D-6639-4545-5650-F93498443165}.Dev_D3D11|x64.Build.0 = Dev_D3D11|x64
		{0556322D-6639-4545-5650-F93498443165}.Dev_D3D9|Win32.ActiveCfg = Dev_D3D9|Win32
		{0556322D-6639-4545-5650-F93498443165}.Dev_D3D9|Win32.Build.0 = Dev_D3D9|Win32
		{0556322D-6639-4545-5650-F93498443165}.Dev_D3D9|x64.ActiveCfg = Dev_D3D9|x64
		{0556322D-6639-4545-5650-F93498443165}.Dev_D3D9|x64.Build.0 = Dev_D3D9|x64
		{0556322D-6639-4545-5650-F93498443165}.Dev_GLES2|Win32.ActiveCfg = Dev_GLES2|Win32
		{0556322D-6639-4545-5650-F93498443165}.Dev_GLES2|Win32.Build.0 = Dev_GLES2|Win32
		{0556322D-6639-4545-5650-F93498443165}.Dev_GLES2|x64.ActiveCfg = Dev_GLES2|x64
		{0556322D-6639-4545-5650-F93498443165}.Dev_GLES2|x64.Build.0 = Dev_GLES2|x64
		{0556322D-6639-4545-5650-F93498443165}.Dev_STUB|Win32.ActiveCfg = Dev_Stub|Win32
		{0556322D-6639-4545-5650-F93498443165}.Dev_STUB|Win32.Build.0 = Dev_Stub|Win32
		{0556322D-6639-4545-5650-F93498443165}.Dev_STUB|x64.ActiveCfg = Dev_Stub|Win32
		{0556322D-6639-4545-5650-F93498443165}.Release_D3D11|Win32.ActiveCfg = Release_D3D11|Win32
		{0556322D-6639-4545-5650-F93498443165}.Release_D3D11|Win32.Build.0 = Release_D3D11|Win32
		{0556322D-6639-4545-5650-F93498443165}.Release_D3D11|x64.ActiveCfg = Release_D3D11|x64
		{0556322D-6639-4545-5650-F93498443165}.Release_D3D11|x64.Build.0 = Release_D3D11|x64
		{0556322D-6639-4545-5650-F93498443165}.Release_D3D9|Win32.ActiveCfg = Release_D3D9|Win32
		{0556322D-6639-4545-5650-F93498443165}.Release_D3D9|Win32.Build.0 = Release_D3D9|Win32
		{0556322D-6639-4545-5650-F93498443165}.Release_D3D9|x64.ActiveCfg = Release_D3D9|x64
		{0556322D-6639-4545-5650-F93498443165}.Release_D3D9|x64.Build.0 = Release_D3D9|x64
		{0556322D-6639-4545-5650-F93498443165}.Release_GLES2|Win32.ActiveCfg = Release_GLES2|Win32
		{0556322D-6639-4545-5650-F93498443165}.Release_GLES2|Win32.Build.0 = Release_GLES2|Win32
		{0556322D-6639-4545-5650-F93498443165}.Release_GLES2|x64.ActiveCfg = Release_GLES2|x64
		{0556322D-6639-4545-5650-F93498443165}.Release_GLES2|x64.Build.0 = Release_GLES2|x64
	EndGlobalSection
	GlobalSection(SolutionProperties) = preSolution
		HideSolutionNode = FALSE
	EndGlobalSection
EndGlobal
